
Microsoft Visual Studio Solution File, Format Version 12.00
# Visual Studio Version 17
VisualStudioVersion = 17.0.32014.148
MinimumVisualStudioVersion = 10.0.40219.1
Project("{9A19103F-16F7-4668-BE54-9A1E7A4F7556}") = "client", "client\client.csproj", "{CA41F1FC-C94C-41B7-B3AB-6E832E8DF18C}"
EndProject
Project("{FAE04EC0-301F-11D3-BF4B-00C04F79EFBC}") = "client.UnitTests", "client.UnitTests\client.UnitTests.csproj", "{50CEFE15-324F-410E-8C86-B5E121E79A96}"
EndProject
Global
	GlobalSection(SolutionConfigurationPlatforms) = preSolution
		Debug|Any CPU = Debug|Any CPU
		Release|Any CPU = Release|Any CPU
	EndGlobalSection
	GlobalSection(ProjectConfigurationPlatforms) = postSolution
		{CA41F1FC-C94C-41B7-B3AB-6E832E8DF18C}.Debug|Any CPU.ActiveCfg = Debug|Any CPU
		{CA41F1FC-C94C-41B7-B3AB-6E832E8DF18C}.Debug|Any CPU.Build.0 = Debug|Any CPU
		{CA41F1FC-C94C-41B7-B3AB-6E832E8DF18C}.Release|Any CPU.ActiveCfg = Release|Any CPU
		{CA41F1FC-C94C-41B7-B3AB-6E832E8DF18C}.Release|Any CPU.Build.0 = Release|Any CPU
		{50CEFE15-324F-410E-8C86-B5E121E79A96}.Debug|Any CPU.ActiveCfg = Debug|Any CPU
		{50CEFE15-324F-410E-8C86-B5E121E79A96}.Debug|Any CPU.Build.0 = Debug|Any CPU
		{50CEFE15-324F-410E-8C86-B5E121E79A96}.Release|Any CPU.ActiveCfg = Release|Any CPU
		{50CEFE15-324F-410E-8C86-B5E121E79A96}.Release|Any CPU.Build.0 = Release|Any CPU
	EndGlobalSection
	GlobalSection(SolutionProperties) = preSolution
		HideSolutionNode = FALSE
	EndGlobalSection
	GlobalSection(ExtensibilityGlobals) = postSolution
		SolutionGuid = {4B672F16-FD71-4CD1-9744-A29CFE1A63B0}
	EndGlobalSection
EndGlobal
